
Microsoft Visual Studio Solution File, Format Version 12.00
# Visual Studio 16
Project("{FAE04EC0-301F-11D3-BF4B-00C04F79EFBC}") = "SteamVR", "SteamVR.csproj", "{1984588B-7563-6FD1-B19C-CA5F7F4CD787}"
EndProject
Project("{FAE04EC0-301F-11D3-BF4B-00C04F79EFBC}") = "SteamVR_Actions", "SteamVR_Actions.csproj", "{E98C1EE0-636E-680A-7FB2-346ED5980C97}"
EndProject
Project("{FAE04EC0-301F-11D3-BF4B-00C04F79EFBC}") = "Assembly-CSharp", "Assembly-CSharp.csproj", "{6C347057-4379-E18D-2390-70D033937006}"
EndProject
Project("{FAE04EC0-301F-11D3-BF4B-00C04F79EFBC}") = "SteamVR_Editor", "SteamVR_Editor.csproj", "{7E38C808-FFD6-B12A-3FD6-632A5796BF1D}"
EndProject
Project("{FAE04EC0-301F-11D3-BF4B-00C04F79EFBC}") = "SteamVR_Input_Editor", "SteamVR_Input_Editor.csproj", "{56112BEE-36A3-2D6E-8EA3-04ED7196A995}"
EndProject
Project("{FAE04EC0-301F-11D3-BF4B-00C04F79EFBC}") = "SteamVR_Windows_EditorHelper", "SteamVR_Windows_EditorHelper.csproj", "{575A2CC4-BD1A-50CB-5ACB-E8C173D4EE95}"
EndProject
Global
	GlobalSection(SolutionConfigurationPlatforms) = preSolution
		Debug|Any CPU = Debug|Any CPU
		Release|Any CPU = Release|Any CPU
	EndGlobalSection
	GlobalSection(ProjectConfigurationPlatforms) = postSolution
		{1984588B-7563-6FD1-B19C-CA5F7F4CD787}.Debug|Any CPU.ActiveCfg = Debug|Any CPU
		{1984588B-7563-6FD1-B19C-CA5F7F4CD787}.Debug|Any CPU.Build.0 = Debug|Any CPU
		{1984588B-7563-6FD1-B19C-CA5F7F4CD787}.Release|Any CPU.ActiveCfg = Release|Any CPU
		{1984588B-7563-6FD1-B19C-CA5F7F4CD787}.Release|Any CPU.Build.0 = Release|Any CPU
		{E98C1EE0-636E-680A-7FB2-346ED5980C97}.Debug|Any CPU.ActiveCfg = Debug|Any CPU
		{E98C1EE0-636E-680A-7FB2-346ED5980C97}.Debug|Any CPU.Build.0 = Debug|Any CPU
		{E98C1EE0-636E-680A-7FB2-346ED5980C97}.Release|Any CPU.ActiveCfg = Release|Any CPU
		{E98C1EE0-636E-680A-7FB2-346ED5980C97}.Release|Any CPU.Build.0 = Release|Any CPU
		{6C347057-4379-E18D-2390-70D033937006}.Debug|Any CPU.ActiveCfg = Debug|Any CPU
		{6C347057-4379-E18D-2390-70D033937006}.Debug|Any CPU.Build.0 = Debug|Any CPU
		{6C347057-4379-E18D-2390-70D033937006}.Release|Any CPU.ActiveCfg = Release|Any CPU
		{6C347057-4379-E18D-2390-70D033937006}.Release|Any CPU.Build.0 = Release|Any CPU
		{7E38C808-FFD6-B12A-3FD6-632A5796BF1D}.Debug|Any CPU.ActiveCfg = Debug|Any CPU
		{7E38C808-FFD6-B12A-3FD6-632A5796BF1D}.Debug|Any CPU.Build.0 = Debug|Any CPU
		{7E38C808-FFD6-B12A-3FD6-632A5796BF1D}.Release|Any CPU.ActiveCfg = Release|Any CPU
		{7E38C808-FFD6-B12A-3FD6-632A5796BF1D}.Release|Any CPU.Build.0 = Release|Any CPU
		{56112BEE-36A3-2D6E-8EA3-04ED7196A995}.Debug|Any CPU.ActiveCfg = Debug|Any CPU
		{56112BEE-36A3-2D6E-8EA3-04ED7196A995}.Debug|Any CPU.Build.0 = Debug|Any CPU
		{56112BEE-36A3-2D6E-8EA3-04ED7196A995}.Release|Any CPU.ActiveCfg = Release|Any CPU
		{56112BEE-36A3-2D6E-8EA3-04ED7196A995}.Release|Any CPU.Build.0 = Release|Any CPU
		{575A2CC4-BD1A-50CB-5ACB-E8C173D4EE95}.Debug|Any CPU.ActiveCfg = Debug|Any CPU
		{575A2CC4-BD1A-50CB-5ACB-E8C173D4EE95}.Debug|Any CPU.Build.0 = Debug|Any CPU
		{575A2CC4-BD1A-50CB-5ACB-E8C173D4EE95}.Release|Any CPU.ActiveCfg = Release|Any CPU
		{575A2CC4-BD1A-50CB-5ACB-E8C173D4EE95}.Release|Any CPU.Build.0 = Release|Any CPU
	EndGlobalSection
	GlobalSection(SolutionProperties) = preSolution
		HideSolutionNode = FALSE
	EndGlobalSection
EndGlobal
